
Microsoft Visual Studio Solution File, Format Version 12.00
# Visual Studio Version 16
VisualStudioVersion = 16.0.31005.135
MinimumVisualStudioVersion = 10.0.40219.1
Project("{FAE04EC0-301F-11D3-BF4B-00C04F79EFBC}") = "ConsoleApp9", "ConsoleApp9\ConsoleApp9.csproj", "{630F6E2E-0145-45F8-967F-3C27A20E8F41}"
EndProject
Global
	GlobalSection(SolutionConfigurationPlatforms) = preSolution
		Debug|Any CPU = Debug|Any CPU
		Release|Any CPU = Release|Any CPU
	EndGlobalSection
	GlobalSection(ProjectConfigurationPlatforms) = postSolution
		{630F6E2E-0145-45F8-967F-3C27A20E8F41}.Debug|Any CPU.ActiveCfg = Debug|Any CPU
		{630F6E2E-0145-45F8-967F-3C27A20E8F41}.Debug|Any CPU.Build.0 = Debug|Any CPU
		{630F6E2E-0145-45F8-967F-3C27A20E8F41}.Release|Any CPU.ActiveCfg = Release|Any CPU
		{630F6E2E-0145-45F8-967F-3C27A20E8F41}.Release|Any CPU.Build.0 = Release|Any CPU
	EndGlobalSection
	GlobalSection(SolutionProperties) = preSolution
		HideSolutionNode = FALSE
	EndGlobalSection
	GlobalSection(ExtensibilityGlobals) = postSolution
		SolutionGuid = {40FE64E6-FCF9-4325-92CE-BFA442EF8FE5}
	EndGlobalSection
EndGlobal
